set_global_assignment -name FAMILY "Cyclone III"
set_global_assignment -name DEVICE EP3C120F484C7
set_global_assignment -name USE_GENERATED_PHYSICAL_CONSTRAINTS OFF -section_id eda_blast_fpga
set_global_assignment -name NOMINAL_CORE_SUPPLY_VOLTAGE 1.2V
set_global_assignment -name STRATIX_DEVICE_IO_STANDARD "2.5 V"
