set_location_assignment PIN_F18 -to CLK
set_instance_assignment -name IO_STANDARD LVDS -to CLK
set_location_assignment PIN_N10 -to RST_N
set_location_assignment PIN_G1  -to ledsWires_LED[0]
set_location_assignment PIN_J4  -to ledsWires_LED[1]
set_location_assignment PIN_J5  -to ledsWires_LED[2]
set_location_assignment PIN_R5  -to ledsWires_LED[3]
